
Microsoft Visual Studio Solution File, Format Version 12.00
# Visual Studio 2012
Project("{FAE04EC0-301F-11D3-BF4B-00C04F79EFBC}") = "CalculatorKata", "CalculatorKata\CalculatorKata.csproj", "{0A4E3FD8-E46F-47AC-8D1A-E6976BF39853}"
EndProject
Global
	GlobalSection(SolutionConfigurationPlatforms) = preSolution
		Debug|Any CPU = Debug|Any CPU
		Release|Any CPU = Release|Any CPU
	EndGlobalSection
	GlobalSection(ProjectConfigurationPlatforms) = postSolution
		{0A4E3FD8-E46F-47AC-8D1A-E6976BF39853}.Debug|Any CPU.ActiveCfg = Debug|Any CPU
		{0A4E3FD8-E46F-47AC-8D1A-E6976BF39853}.Debug|Any CPU.Build.0 = Debug|Any CPU
		{0A4E3FD8-E46F-47AC-8D1A-E6976BF39853}.Release|Any CPU.ActiveCfg = Release|Any CPU
		{0A4E3FD8-E46F-47AC-8D1A-E6976BF39853}.Release|Any CPU.Build.0 = Release|Any CPU
	EndGlobalSection
	GlobalSection(SolutionProperties) = preSolution
		HideSolutionNode = FALSE
	EndGlobalSection
EndGlobal
